
Microsoft Visual Studio Solution File, Format Version 12.00
# Visual Studio Version 16
VisualStudioVersion = 16.0.29926.136
MinimumVisualStudioVersion = 10.0.40219.1
Project("{FAE04EC0-301F-11D3-BF4B-00C04F79EFBC}") = "Xero1", "Xero1\Xero1.csproj", "{D86C1151-E012-4D0F-870E-F393642D863E}"
EndProject
Global
	GlobalSection(SolutionConfigurationPlatforms) = preSolution
		Debug|Any CPU = Debug|Any CPU
		Release|Any CPU = Release|Any CPU
	EndGlobalSection
	GlobalSection(ProjectConfigurationPlatforms) = postSolution
		{D86C1151-E012-4D0F-870E-F393642D863E}.Debug|Any CPU.ActiveCfg = Debug|Any CPU
		{D86C1151-E012-4D0F-870E-F393642D863E}.Debug|Any CPU.Build.0 = Debug|Any CPU
		{D86C1151-E012-4D0F-870E-F393642D863E}.Release|Any CPU.ActiveCfg = Release|Any CPU
		{D86C1151-E012-4D0F-870E-F393642D863E}.Release|Any CPU.Build.0 = Release|Any CPU
	EndGlobalSection
	GlobalSection(SolutionProperties) = preSolution
		HideSolutionNode = FALSE
	EndGlobalSection
	GlobalSection(ExtensibilityGlobals) = postSolution
		SolutionGuid = {8C752F7B-3200-49AC-A269-2072C53D2EE3}
	EndGlobalSection
EndGlobal
