
Microsoft Visual Studio Solution File, Format Version 12.00
# Visual Studio Version 16
VisualStudioVersion = 16.0.29123.88
MinimumVisualStudioVersion = 10.0.40219.1
Project("{FAE04EC0-301F-11D3-BF4B-00C04F79EFBC}") = "2DArray", "2DArray\2DArray.csproj", "{2410E572-0BB4-4CBF-8466-2430C4D6BD40}"
EndProject
Global
	GlobalSection(SolutionConfigurationPlatforms) = preSolution
		Debug|Any CPU = Debug|Any CPU
		Release|Any CPU = Release|Any CPU
	EndGlobalSection
	GlobalSection(ProjectConfigurationPlatforms) = postSolution
		{2410E572-0BB4-4CBF-8466-2430C4D6BD40}.Debug|Any CPU.ActiveCfg = Debug|Any CPU
		{2410E572-0BB4-4CBF-8466-2430C4D6BD40}.Debug|Any CPU.Build.0 = Debug|Any CPU
		{2410E572-0BB4-4CBF-8466-2430C4D6BD40}.Release|Any CPU.ActiveCfg = Release|Any CPU
		{2410E572-0BB4-4CBF-8466-2430C4D6BD40}.Release|Any CPU.Build.0 = Release|Any CPU
	EndGlobalSection
	GlobalSection(SolutionProperties) = preSolution
		HideSolutionNode = FALSE
	EndGlobalSection
	GlobalSection(ExtensibilityGlobals) = postSolution
		SolutionGuid = {9C0B0C9D-034B-4ED7-B814-F6C556C9EB4B}
	EndGlobalSection
EndGlobal
