
Microsoft Visual Studio Solution File, Format Version 12.00
# Visual Studio Version 16
VisualStudioVersion = 16.0.29926.136
MinimumVisualStudioVersion = 10.0.40219.1
Project("{FAE04EC0-301F-11D3-BF4B-00C04F79EFBC}") = "ExtraLongFactorial", "ExtraLongFactorial\ExtraLongFactorial.csproj", "{5EFCB76D-B505-4596-A624-2E9B1F077B05}"
EndProject
Global
	GlobalSection(SolutionConfigurationPlatforms) = preSolution
		Debug|Any CPU = Debug|Any CPU
		Release|Any CPU = Release|Any CPU
	EndGlobalSection
	GlobalSection(ProjectConfigurationPlatforms) = postSolution
		{5EFCB76D-B505-4596-A624-2E9B1F077B05}.Debug|Any CPU.ActiveCfg = Debug|Any CPU
		{5EFCB76D-B505-4596-A624-2E9B1F077B05}.Debug|Any CPU.Build.0 = Debug|Any CPU
		{5EFCB76D-B505-4596-A624-2E9B1F077B05}.Release|Any CPU.ActiveCfg = Release|Any CPU
		{5EFCB76D-B505-4596-A624-2E9B1F077B05}.Release|Any CPU.Build.0 = Release|Any CPU
	EndGlobalSection
	GlobalSection(SolutionProperties) = preSolution
		HideSolutionNode = FALSE
	EndGlobalSection
	GlobalSection(ExtensibilityGlobals) = postSolution
		SolutionGuid = {C1602F54-369E-4B3C-90A4-5CCA2388DCD1}
	EndGlobalSection
EndGlobal
